{
  "name": "Patient Register App",
  "lockfileVersion": 3,
  "requires": true,
  "packages": {
    "": {
      "dependencies": {
        "@electric-sql/pglite": "^0.3.2"
      }
    },
    "node_modules/@electric-sql/pglite": {
      "version": "0.3.2",
      "resolved": "https://registry.npmjs.org/@electric-sql/pglite/-/pglite-0.3.2.tgz",
      "integrity": "sha512-zfWWa+V2ViDCY/cmUfRqeWY1yLto+EpxjXnZzenB1TyxsTiXaTWeZFIZw6mac52BsuQm0RjCnisjBtdBaXOI6w=="
    }
  }
}
